
Microsoft Visual Studio Solution File, Format Version 12.00
# Visual Studio 2013
VisualStudioVersion = 12.0.31101.0
MinimumVisualStudioVersion = 10.0.40219.1
Project("{FAE04EC0-301F-11D3-BF4B-00C04F79EFBC}") = "HelloVin", "HelloVin\HelloVin.csproj", "{E84A7810-2298-4FA3-B10A-CA681A28DE6B}"
EndProject
Project("{FAE04EC0-301F-11D3-BF4B-00C04F79EFBC}") = "HelloVin.Tests", "HelloVin.Tests\HelloVin.Tests.csproj", "{2218FDF9-BAE0-4BAE-AEC5-022FD5160325}"
EndProject
Global
	GlobalSection(SolutionConfigurationPlatforms) = preSolution
		Debug|Any CPU = Debug|Any CPU
		Release|Any CPU = Release|Any CPU
	EndGlobalSection
	GlobalSection(ProjectConfigurationPlatforms) = postSolution
		{E84A7810-2298-4FA3-B10A-CA681A28DE6B}.Debug|Any CPU.ActiveCfg = Debug|Any CPU
		{E84A7810-2298-4FA3-B10A-CA681A28DE6B}.Debug|Any CPU.Build.0 = Debug|Any CPU
		{E84A7810-2298-4FA3-B10A-CA681A28DE6B}.Release|Any CPU.ActiveCfg = Release|Any CPU
		{E84A7810-2298-4FA3-B10A-CA681A28DE6B}.Release|Any CPU.Build.0 = Release|Any CPU
		{2218FDF9-BAE0-4BAE-AEC5-022FD5160325}.Debug|Any CPU.ActiveCfg = Debug|Any CPU
		{2218FDF9-BAE0-4BAE-AEC5-022FD5160325}.Debug|Any CPU.Build.0 = Debug|Any CPU
		{2218FDF9-BAE0-4BAE-AEC5-022FD5160325}.Release|Any CPU.ActiveCfg = Release|Any CPU
		{2218FDF9-BAE0-4BAE-AEC5-022FD5160325}.Release|Any CPU.Build.0 = Release|Any CPU
	EndGlobalSection
	GlobalSection(SolutionProperties) = preSolution
		HideSolutionNode = FALSE
	EndGlobalSection
EndGlobal
